
Microsoft Visual Studio Solution File, Format Version 12.00
# Visual Studio 15
VisualStudioVersion = 15.0.28010.2041
MinimumVisualStudioVersion = 10.0.40219.1
Project("{FAE04EC0-301F-11D3-BF4B-00C04F79EFBC}") = "Evaluacion_backend", "Evaluacion_backend\Evaluacion_backend.csproj", "{47E70AF9-A2A0-4E44-B1FA-3C77BE4AB52B}"
EndProject
Global
	GlobalSection(SolutionConfigurationPlatforms) = preSolution
		Debug|Any CPU = Debug|Any CPU
		Release|Any CPU = Release|Any CPU
	EndGlobalSection
	GlobalSection(ProjectConfigurationPlatforms) = postSolution
		{47E70AF9-A2A0-4E44-B1FA-3C77BE4AB52B}.Debug|Any CPU.ActiveCfg = Debug|Any CPU
		{47E70AF9-A2A0-4E44-B1FA-3C77BE4AB52B}.Debug|Any CPU.Build.0 = Debug|Any CPU
		{47E70AF9-A2A0-4E44-B1FA-3C77BE4AB52B}.Release|Any CPU.ActiveCfg = Release|Any CPU
		{47E70AF9-A2A0-4E44-B1FA-3C77BE4AB52B}.Release|Any CPU.Build.0 = Release|Any CPU
	EndGlobalSection
	GlobalSection(SolutionProperties) = preSolution
		HideSolutionNode = FALSE
	EndGlobalSection
	GlobalSection(ExtensibilityGlobals) = postSolution
		SolutionGuid = {3D556A75-3712-4C64-ABFB-1D89A6BFAF2F}
	EndGlobalSection
EndGlobal
